
Microsoft Visual Studio Solution File, Format Version 12.00
# Visual Studio Version 17
VisualStudioVersion = 17.2.32616.157
MinimumVisualStudioVersion = 10.0.40219.1
Project("{9A19103F-16F7-4668-BE54-9A1E7A4F7556}") = "WebApplication3", "WebApplication3\WebApplication3.csproj", "{CA5C3E01-BD20-438F-82AA-BD130DDF734F}"
EndProject
Project("{FAE04EC0-301F-11D3-BF4B-00C04F79EFBC}") = "WpfApp1", "WpfApp1\WpfApp1.csproj", "{CC3E8E34-61B7-4859-A4C1-AA847D2C7FF5}"
EndProject
Project("{FAE04EC0-301F-11D3-BF4B-00C04F79EFBC}") = "ClassLibrary1", "ClassLibrary1\ClassLibrary1.csproj", "{68E5EE4E-8895-4C4F-ABD3-93C21FE37F0C}"
EndProject
Global
	GlobalSection(SolutionConfigurationPlatforms) = preSolution
		Debug|Any CPU = Debug|Any CPU
		Release|Any CPU = Release|Any CPU
	EndGlobalSection
	GlobalSection(ProjectConfigurationPlatforms) = postSolution
		{CA5C3E01-BD20-438F-82AA-BD130DDF734F}.Debug|Any CPU.ActiveCfg = Debug|Any CPU
		{CA5C3E01-BD20-438F-82AA-BD130DDF734F}.Debug|Any CPU.Build.0 = Debug|Any CPU
		{CA5C3E01-BD20-438F-82AA-BD130DDF734F}.Release|Any CPU.ActiveCfg = Release|Any CPU
		{CA5C3E01-BD20-438F-82AA-BD130DDF734F}.Release|Any CPU.Build.0 = Release|Any CPU
		{CC3E8E34-61B7-4859-A4C1-AA847D2C7FF5}.Debug|Any CPU.ActiveCfg = Debug|Any CPU
		{CC3E8E34-61B7-4859-A4C1-AA847D2C7FF5}.Debug|Any CPU.Build.0 = Debug|Any CPU
		{CC3E8E34-61B7-4859-A4C1-AA847D2C7FF5}.Release|Any CPU.ActiveCfg = Release|Any CPU
		{CC3E8E34-61B7-4859-A4C1-AA847D2C7FF5}.Release|Any CPU.Build.0 = Release|Any CPU
		{68E5EE4E-8895-4C4F-ABD3-93C21FE37F0C}.Debug|Any CPU.ActiveCfg = Debug|Any CPU
		{68E5EE4E-8895-4C4F-ABD3-93C21FE37F0C}.Debug|Any CPU.Build.0 = Debug|Any CPU
		{68E5EE4E-8895-4C4F-ABD3-93C21FE37F0C}.Release|Any CPU.ActiveCfg = Release|Any CPU
		{68E5EE4E-8895-4C4F-ABD3-93C21FE37F0C}.Release|Any CPU.Build.0 = Release|Any CPU
	EndGlobalSection
	GlobalSection(SolutionProperties) = preSolution
		HideSolutionNode = FALSE
	EndGlobalSection
	GlobalSection(ExtensibilityGlobals) = postSolution
		SolutionGuid = {3E87FA20-0E76-4623-B449-AB415DF91FDB}
	EndGlobalSection
EndGlobal
